# This file was autogenerated by Stack.
# You should not edit this file by hand.
# For more information, please see the documentation at:
#   https://docs.haskellstack.org/en/stable/lock_files

packages:
- completed:
    commit: 21d3be9b932239cb638f4538067f40399cc7b465
    git: https://github.com/DCMLab/haskell-musicology.git
    name: musicology-core
    pantry-tree:
      sha256: 3f728043567c737a0e60fdfe5ed3aebc5fabe964b284130b8b70f5a97995c05e
      size: 397
    subdir: musicology-core
    version: 0.1.0.0
  original:
    commit: 21d3be9b932239cb638f4538067f40399cc7b465
    git: https://github.com/DCMLab/haskell-musicology.git
    subdir: musicology-core
- completed:
    commit: 21d3be9b932239cb638f4538067f40399cc7b465
    git: https://github.com/DCMLab/haskell-musicology.git
    name: musicology-pitch
    pantry-tree:
      sha256: 8ef523b13f42e95ab7b545e861d19ef18ee38d33a75ff3f088827a5f946f08c7
      size: 802
    subdir: musicology-pitch
    version: 0.1.0.0
  original:
    commit: 21d3be9b932239cb638f4538067f40399cc7b465
    git: https://github.com/DCMLab/haskell-musicology.git
    subdir: musicology-pitch
snapshots:
- completed:
    sha256: 795b7a893148a42f09956611a0fa1139293fe6ef934d053468d8e53e3e013390
    size: 719577
    url: https://raw.githubusercontent.com/commercialhaskell/stackage-snapshots/master/lts/22/30.yaml
  original:
    url: https://raw.githubusercontent.com/commercialhaskell/stackage-snapshots/master/lts/22/30.yaml
